
Microsoft Visual Studio Solution File, Format Version 12.00
# Visual Studio Version 17
VisualStudioVersion = 17.11.35327.3
MinimumVisualStudioVersion = 10.0.40219.1
Project("{FAE04EC0-301F-11D3-BF4B-00C04F79EFBC}") = "Employee", "Employee\Employee.csproj", "{6763A9CE-94C0-4FCB-9FE8-1FA8CA4DC11C}"
EndProject
Global
	GlobalSection(SolutionConfigurationPlatforms) = preSolution
		Debug|Any CPU = Debug|Any CPU
		Release|Any CPU = Release|Any CPU
	EndGlobalSection
	GlobalSection(ProjectConfigurationPlatforms) = postSolution
		{6763A9CE-94C0-4FCB-9FE8-1FA8CA4DC11C}.Debug|Any CPU.ActiveCfg = Debug|Any CPU
		{6763A9CE-94C0-4FCB-9FE8-1FA8CA4DC11C}.Debug|Any CPU.Build.0 = Debug|Any CPU
		{6763A9CE-94C0-4FCB-9FE8-1FA8CA4DC11C}.Release|Any CPU.ActiveCfg = Release|Any CPU
		{6763A9CE-94C0-4FCB-9FE8-1FA8CA4DC11C}.Release|Any CPU.Build.0 = Release|Any CPU
	EndGlobalSection
	GlobalSection(SolutionProperties) = preSolution
		HideSolutionNode = FALSE
	EndGlobalSection
	GlobalSection(ExtensibilityGlobals) = postSolution
		SolutionGuid = {B55B767F-9BC3-480B-AEA5-BB8AE9A2EFB9}
	EndGlobalSection
EndGlobal
